// !$*UTF8*$!
{
	archiveVersion = 1;
	classes = {
	};
	objectVersion = 51;
	objects = {

/* Begin PBXBuildFile section */
		36C1FDB8910BD3E67CECBC54 /* Pods_Tools_UserRegistration.framework in Frameworks */ = {isa = PBXBuildFile; fileRef = B571EC92209B6EFAEAF7E63F /* Pods_Tools_UserRegistration.framework */; };
		EA0E04F826D1DA1600DAFCB5 /* AppDelegate.swift in Sources */ = {isa = PBXBuildFile; fileRef = EA0E04F726D1DA1600DAFCB5 /* AppDelegate.swift */; };
		EA0E04FA26D1DA1600DAFCB5 /* SceneDelegate.swift in Sources */ = {isa = PBXBuildFile; fileRef = EA0E04F926D1DA1600DAFCB5 /* SceneDelegate.swift */; };
		EA0E04FC26D1DA1600DAFCB5 /* LoginViewController.swift in Sources */ = {isa = PBXBuildFile; fileRef = EA0E04FB26D1DA1600DAFCB5 /* LoginViewController.swift */; };
		EA0E04FF26D1DA1600DAFCB5 /* Main.storyboard in Resources */ = {isa = PBXBuildFile; fileRef = EA0E04FD26D1DA1600DAFCB5 /* Main.storyboard */; };
		EA0E050126D1DA1800DAFCB5 /* Assets.xcassets in Resources */ = {isa = PBXBuildFile; fileRef = EA0E050026D1DA1800DAFCB5 /* Assets.xcassets */; };
		EA0E050426D1DA1800DAFCB5 /* LaunchScreen.storyboard in Resources */ = {isa = PBXBuildFile; fileRef = EA0E050226D1DA1800DAFCB5 /* LaunchScreen.storyboard */; };
		EA65A5A926DD5AA300EB14C9 /* GoogleService-Info.plist in Resources */ = {isa = PBXBuildFile; fileRef = EA65A5A826DD5AA300EB14C9 /* GoogleService-Info.plist */; };
		EA65A5AB26E2089B00EB14C9 /* RegisterViewController.swift in Sources */ = {isa = PBXBuildFile; fileRef = EA65A5AA26E2089B00EB14C9 /* RegisterViewController.swift */; };
		EA65A5AD26E3354700EB14C9 /* AnimationController.swift in Sources */ = {isa = PBXBuildFile; fileRef = EA65A5AC26E3354700EB14C9 /* AnimationController.swift */; };
		EA65A5AF26E41F1A00EB14C9 /* CustomButton.swift in Sources */ = {isa = PBXBuildFile; fileRef = EA65A5AE26E41F1A00EB14C9 /* CustomButton.swift */; };
		EAF7F53626D4C4C900FE50E1 /* LoginTextView.swift in Sources */ = {isa = PBXBuildFile; fileRef = EAF7F53526D4C4C900FE50E1 /* LoginTextView.swift */; };
		EAF7F53926DB7B6B00FE50E1 /* K.swift in Sources */ = {isa = PBXBuildFile; fileRef = EAF7F53826DB7B6B00FE50E1 /* K.swift */; };
/* End PBXBuildFile section */

/* Begin PBXFileReference section */
		1A4E145C0E4B1DA1E62185C3 /* Pods-Tools_UserRegistration.release.xcconfig */ = {isa = PBXFileReference; includeInIndex = 1; lastKnownFileType = text.xcconfig; name = "Pods-Tools_UserRegistration.release.xcconfig"; path = "Target Support Files/Pods-Tools_UserRegistration/Pods-Tools_UserRegistration.release.xcconfig"; sourceTree = "<group>"; };
		7F1D26F205D67F7619DD458F /* Pods-Tools_UserRegistration.debug.xcconfig */ = {isa = PBXFileReference; includeInIndex = 1; lastKnownFileType = text.xcconfig; name = "Pods-Tools_UserRegistration.debug.xcconfig"; path = "Target Support Files/Pods-Tools_UserRegistration/Pods-Tools_UserRegistration.debug.xcconfig"; sourceTree = "<group>"; };
		B571EC92209B6EFAEAF7E63F /* Pods_Tools_UserRegistration.framework */ = {isa = PBXFileReference; explicitFileType = wrapper.framework; includeInIndex = 0; path = Pods_Tools_UserRegistration.framework; sourceTree = BUILT_PRODUCTS_DIR; };
		EA0E04F426D1DA1600DAFCB5 /* Tools_UserRegistration.app */ = {isa = PBXFileReference; explicitFileType = wrapper.application; includeInIndex = 0; path = Tools_UserRegistration.app; sourceTree = BUILT_PRODUCTS_DIR; };
		EA0E04F726D1DA1600DAFCB5 /* AppDelegate.swift */ = {isa = PBXFileReference; lastKnownFileType = sourcecode.swift; path = AppDelegate.swift; sourceTree = "<group>"; };
		EA0E04F926D1DA1600DAFCB5 /* SceneDelegate.swift */ = {isa = PBXFileReference; lastKnownFileType = sourcecode.swift; path = SceneDelegate.swift; sourceTree = "<group>"; };
		EA0E04FB26D1DA1600DAFCB5 /* LoginViewController.swift */ = {isa = PBXFileReference; lastKnownFileType = sourcecode.swift; path = LoginViewController.swift; sourceTree = "<group>"; };
		EA0E04FE26D1DA1600DAFCB5 /* Base */ = {isa = PBXFileReference; lastKnownFileType = file.storyboard; name = Base; path = Base.lproj/Main.storyboard; sourceTree = "<group>"; };
		EA0E050026D1DA1800DAFCB5 /* Assets.xcassets */ = {isa = PBXFileReference; lastKnownFileType = folder.assetcatalog; path = Assets.xcassets; sourceTree = "<group>"; };
		EA0E050326D1DA1800DAFCB5 /* Base */ = {isa = PBXFileReference; lastKnownFileType = file.storyboard; name = Base; path = Base.lproj/LaunchScreen.storyboard; sourceTree = "<group>"; };
		EA0E050526D1DA1800DAFCB5 /* Info.plist */ = {isa = PBXFileReference; lastKnownFileType = text.plist.xml; path = Info.plist; sourceTree = "<group>"; };
		EA65A5A826DD5AA300EB14C9 /* GoogleService-Info.plist */ = {isa = PBXFileReference; fileEncoding = 4; lastKnownFileType = text.plist.xml; path = "GoogleService-Info.plist"; sourceTree = "<group>"; };
		EA65A5AA26E2089B00EB14C9 /* RegisterViewController.swift */ = {isa = PBXFileReference; lastKnownFileType = sourcecode.swift; name = RegisterViewController.swift; path = Tools_UserRegistration/Controllers/RegisterViewController.swift; sourceTree = SOURCE_ROOT; };
		EA65A5AC26E3354700EB14C9 /* AnimationController.swift */ = {isa = PBXFileReference; lastKnownFileType = sourcecode.swift; path = AnimationController.swift; sourceTree = "<group>"; };
		EA65A5AE26E41F1A00EB14C9 /* CustomButton.swift */ = {isa = PBXFileReference; lastKnownFileType = sourcecode.swift; path = CustomButton.swift; sourceTree = "<group>"; };
		EADD7D0F26FA4A3600E72BD2 /* Tools_UserRegistration.entitlements */ = {isa = PBXFileReference; lastKnownFileType = text.plist.entitlements; path = Tools_UserRegistration.entitlements; sourceTree = "<group>"; };
		EAF7F53526D4C4C900FE50E1 /* LoginTextView.swift */ = {isa = PBXFileReference; lastKnownFileType = sourcecode.swift; path = LoginTextView.swift; sourceTree = "<group>"; };
		EAF7F53826DB7B6B00FE50E1 /* K.swift */ = {isa = PBXFileReference; lastKnownFileType = sourcecode.swift; path = K.swift; sourceTree = "<group>"; };
/* End PBXFileReference section */

/* Begin PBXFrameworksBuildPhase section */
		EA0E04F126D1DA1600DAFCB5 /* Frameworks */ = {
			isa = PBXFrameworksBuildPhase;
			buildActionMask = 2147483647;
			files = (
				36C1FDB8910BD3E67CECBC54 /* Pods_Tools_UserRegistration.framework in Frameworks */,
			);
			runOnlyForDeploymentPostprocessing = 0;
		};
/* End PBXFrameworksBuildPhase section */

/* Begin PBXGroup section */
		6E70EF38AE8D197E1ED2A77D /* Pods */ = {
			isa = PBXGroup;
			children = (
				7F1D26F205D67F7619DD458F /* Pods-Tools_UserRegistration.debug.xcconfig */,
				1A4E145C0E4B1DA1E62185C3 /* Pods-Tools_UserRegistration.release.xcconfig */,
			);
			path = Pods;
			sourceTree = "<group>";
		};
		EA0E04EB26D1DA1600DAFCB5 = {
			isa = PBXGroup;
			children = (
				EA0E04F626D1DA1600DAFCB5 /* Tools_UserRegistration */,
				EA0E04F526D1DA1600DAFCB5 /* Products */,
				6E70EF38AE8D197E1ED2A77D /* Pods */,
				FA701AD5517F518E71321446 /* Frameworks */,
			);
			sourceTree = "<group>";
		};
		EA0E04F526D1DA1600DAFCB5 /* Products */ = {
			isa = PBXGroup;
			children = (
				EA0E04F426D1DA1600DAFCB5 /* Tools_UserRegistration.app */,
			);
			name = Products;
			sourceTree = "<group>";
		};
		EA0E04F626D1DA1600DAFCB5 /* Tools_UserRegistration */ = {
			isa = PBXGroup;
			children = (
				EADD7D0F26FA4A3600E72BD2 /* Tools_UserRegistration.entitlements */,
				EAF7F53726DB7B5100FE50E1 /* Tools */,
				EA0E050B26D1DA2A00DAFCB5 /* Models */,
				EA0E050C26D1DA3400DAFCB5 /* Views */,
				EA0E050D26D1DA3900DAFCB5 /* Controllers */,
				EA0E04F726D1DA1600DAFCB5 /* AppDelegate.swift */,
				EA0E04F926D1DA1600DAFCB5 /* SceneDelegate.swift */,
				EA0E050026D1DA1800DAFCB5 /* Assets.xcassets */,
				EA0E050226D1DA1800DAFCB5 /* LaunchScreen.storyboard */,
				EA0E050526D1DA1800DAFCB5 /* Info.plist */,
				EA65A5A826DD5AA300EB14C9 /* GoogleService-Info.plist */,
			);
			path = Tools_UserRegistration;
			sourceTree = "<group>";
		};
		EA0E050B26D1DA2A00DAFCB5 /* Models */ = {
			isa = PBXGroup;
			children = (
			);
			path = Models;
			sourceTree = "<group>";
		};
		EA0E050C26D1DA3400DAFCB5 /* Views */ = {
			isa = PBXGroup;
			children = (
				EA65A5AE26E41F1A00EB14C9 /* CustomButton.swift */,
				EAF7F53526D4C4C900FE50E1 /* LoginTextView.swift */,
				EA0E04FD26D1DA1600DAFCB5 /* Main.storyboard */,
			);
			path = Views;
			sourceTree = "<group>";
		};
		EA0E050D26D1DA3900DAFCB5 /* Controllers */ = {
			isa = PBXGroup;
			children = (
				EA65A5AA26E2089B00EB14C9 /* RegisterViewController.swift */,
				EA0E04FB26D1DA1600DAFCB5 /* LoginViewController.swift */,
				EA65A5AC26E3354700EB14C9 /* AnimationController.swift */,
			);
			path = Controllers;
			sourceTree = "<group>";
		};
		EAF7F53726DB7B5100FE50E1 /* Tools */ = {
			isa = PBXGroup;
			children = (
				EAF7F53826DB7B6B00FE50E1 /* K.swift */,
			);
			path = Tools;
			sourceTree = "<group>";
		};
		FA701AD5517F518E71321446 /* Frameworks */ = {
			isa = PBXGroup;
			children = (
				B571EC92209B6EFAEAF7E63F /* Pods_Tools_UserRegistration.framework */,
			);
			name = Frameworks;
			sourceTree = "<group>";
		};
/* End PBXGroup section */

/* Begin PBXNativeTarget section */
		EA0E04F326D1DA1600DAFCB5 /* Tools_UserRegistration */ = {
			isa = PBXNativeTarget;
			buildConfigurationList = EA0E050826D1DA1800DAFCB5 /* Build configuration list for PBXNativeTarget "Tools_UserRegistration" */;
			buildPhases = (
				98FDACB80529783C080FD76D /* [CP] Check Pods Manifest.lock */,
				EA0E04F026D1DA1600DAFCB5 /* Sources */,
				EA0E04F126D1DA1600DAFCB5 /* Frameworks */,
				EA0E04F226D1DA1600DAFCB5 /* Resources */,
				FD2BED3817E736C7B68ACFB8 /* [CP] Embed Pods Frameworks */,
			);
			buildRules = (
			);
			dependencies = (
			);
			name = Tools_UserRegistration;
			productName = Tools_UserRegistration;
			productReference = EA0E04F426D1DA1600DAFCB5 /* Tools_UserRegistration.app */;
			productType = "com.apple.product-type.application";
		};
/* End PBXNativeTarget section */

/* Begin PBXProject section */
		EA0E04EC26D1DA1600DAFCB5 /* Project object */ = {
			isa = PBXProject;
			attributes = {
				LastSwiftUpdateCheck = 1250;
				LastUpgradeCheck = 1250;
				TargetAttributes = {
					EA0E04F326D1DA1600DAFCB5 = {
						CreatedOnToolsVersion = 12.5.1;
					};
				};
			};
			buildConfigurationList = EA0E04EF26D1DA1600DAFCB5 /* Build configuration list for PBXProject "Tools_UserRegistration" */;
			compatibilityVersion = "Xcode 9.3";
			developmentRegion = en;
			hasScannedForEncodings = 0;
			knownRegions = (
				en,
				Base,
			);
			mainGroup = EA0E04EB26D1DA1600DAFCB5;
			productRefGroup = EA0E04F526D1DA1600DAFCB5 /* Products */;
			projectDirPath = "";
			projectRoot = "";
			targets = (
				EA0E04F326D1DA1600DAFCB5 /* Tools_UserRegistration */,
			);
		};
/* End PBXProject section */

/* Begin PBXResourcesBuildPhase section */
		EA0E04F226D1DA1600DAFCB5 /* Resources */ = {
			isa = PBXResourcesBuildPhase;
			buildActionMask = 2147483647;
			files = (
				EA0E050426D1DA1800DAFCB5 /* LaunchScreen.storyboard in Resources */,
				EA65A5A926DD5AA300EB14C9 /* GoogleService-Info.plist in Resources */,
				EA0E050126D1DA1800DAFCB5 /* Assets.xcassets in Resources */,
				EA0E04FF26D1DA1600DAFCB5 /* Main.storyboard in Resources */,
			);
			runOnlyForDeploymentPostprocessing = 0;
		};
/* End PBXResourcesBuildPhase section */

/* Begin PBXShellScriptBuildPhase section */
		98FDACB80529783C080FD76D /* [CP] Check Pods Manifest.lock */ = {
			isa = PBXShellScriptBuildPhase;
			buildActionMask = 2147483647;
			files = (
			);
			inputFileListPaths = (
			);
			inputPaths = (
				"${PODS_PODFILE_DIR_PATH}/Podfile.lock",
				"${PODS_ROOT}/Manifest.lock",
			);
			name = "[CP] Check Pods Manifest.lock";
			outputFileListPaths = (
			);
			outputPaths = (
				"$(DERIVED_FILE_DIR)/Pods-Tools_UserRegistration-checkManifestLockResult.txt",
			);
			runOnlyForDeploymentPostprocessing = 0;
			shellPath = /bin/sh;
			shellScript = "diff \"${PODS_PODFILE_DIR_PATH}/Podfile.lock\" \"${PODS_ROOT}/Manifest.lock\" > /dev/null\nif [ $? != 0 ] ; then\n    # print error to STDERR\n    echo \"error: The sandbox is not in sync with the Podfile.lock. Run 'pod install' or update your CocoaPods installation.\" >&2\n    exit 1\nfi\n# This output is used by Xcode 'outputs' to avoid re-running this script phase.\necho \"SUCCESS\" > \"${SCRIPT_OUTPUT_FILE_0}\"\n";
			showEnvVarsInLog = 0;
		};
		FD2BED3817E736C7B68ACFB8 /* [CP] Embed Pods Frameworks */ = {
			isa = PBXShellScriptBuildPhase;
			buildActionMask = 2147483647;
			files = (
			);
			inputFileListPaths = (
				"${PODS_ROOT}/Target Support Files/Pods-Tools_UserRegistration/Pods-Tools_UserRegistration-frameworks-${CONFIGURATION}-input-files.xcfilelist",
			);
			name = "[CP] Embed Pods Frameworks";
			outputFileListPaths = (
				"${PODS_ROOT}/Target Support Files/Pods-Tools_UserRegistration/Pods-Tools_UserRegistration-frameworks-${CONFIGURATION}-output-files.xcfilelist",
			);
			runOnlyForDeploymentPostprocessing = 0;
			shellPath = /bin/sh;
			shellScript = "\"${PODS_ROOT}/Target Support Files/Pods-Tools_UserRegistration/Pods-Tools_UserRegistration-frameworks.sh\"\n";
			showEnvVarsInLog = 0;
		};
/* End PBXShellScriptBuildPhase section */

/* Begin PBXSourcesBuildPhase section */
		EA0E04F026D1DA1600DAFCB5 /* Sources */ = {
			isa = PBXSourcesBuildPhase;
			buildActionMask = 2147483647;
			files = (
				EA0E04FC26D1DA1600DAFCB5 /* LoginViewController.swift in Sources */,
				EAF7F53626D4C4C900FE50E1 /* LoginTextView.swift in Sources */,
				EAF7F53926DB7B6B00FE50E1 /* K.swift in Sources */,
				EA65A5AB26E2089B00EB14C9 /* RegisterViewController.swift in Sources */,
				EA65A5AF26E41F1A00EB14C9 /* CustomButton.swift in Sources */,
				EA65A5AD26E3354700EB14C9 /* AnimationController.swift in Sources */,
				EA0E04F826D1DA1600DAFCB5 /* AppDelegate.swift in Sources */,
				EA0E04FA26D1DA1600DAFCB5 /* SceneDelegate.swift in Sources */,
			);
			runOnlyForDeploymentPostprocessing = 0;
		};
/* End PBXSourcesBuildPhase section */

/* Begin PBXVariantGroup section */
		EA0E04FD26D1DA1600DAFCB5 /* Main.storyboard */ = {
			isa = PBXVariantGroup;
			children = (
				EA0E04FE26D1DA1600DAFCB5 /* Base */,
			);
			name = Main.storyboard;
			sourceTree = "<group>";
		};
		EA0E050226D1DA1800DAFCB5 /* LaunchScreen.storyboard */ = {
			isa = PBXVariantGroup;
			children = (
				EA0E050326D1DA1800DAFCB5 /* Base */,
			);
			name = LaunchScreen.storyboard;
			sourceTree = "<group>";
		};
/* End PBXVariantGroup section */

/* Begin XCBuildConfiguration section */
		EA0E050626D1DA1800DAFCB5 /* Debug */ = {
			isa = XCBuildConfiguration;
			buildSettings = {
				ALWAYS_SEARCH_USER_PATHS = NO;
				CLANG_ANALYZER_NONNULL = YES;
				CLANG_ANALYZER_NUMBER_OBJECT_CONVERSION = YES_AGGRESSIVE;
				CLANG_CXX_LANGUAGE_STANDARD = "gnu++14";
				CLANG_CXX_LIBRARY = "libc++";
				CLANG_ENABLE_MODULES = YES;
				CLANG_ENABLE_OBJC_ARC = YES;
				CLANG_ENABLE_OBJC_WEAK = YES;
				CLANG_WARN_BLOCK_CAPTURE_AUTORELEASING = YES;
				CLANG_WARN_BOOL_CONVERSION = YES;
				CLANG_WARN_COMMA = YES;
				CLANG_WARN_CONSTANT_CONVERSION = YES;
				CLANG_WARN_DEPRECATED_OBJC_IMPLEMENTATIONS = YES;
				CLANG_WARN_DIRECT_OBJC_ISA_USAGE = YES_ERROR;
				CLANG_WARN_DOCUMENTATION_COMMENTS = YES;
				CLANG_WARN_EMPTY_BODY = YES;
				CLANG_WARN_ENUM_CONVERSION = YES;
				CLANG_WARN_INFINITE_RECURSION = YES;
				CLANG_WARN_INT_CONVERSION = YES;
				CLANG_WARN_NON_LITERAL_NULL_CONVERSION = YES;
				CLANG_WARN_OBJC_IMPLICIT_RETAIN_SELF = YES;
				CLANG_WARN_OBJC_LITERAL_CONVERSION = YES;
				CLANG_WARN_OBJC_ROOT_CLASS = YES_ERROR;
				CLANG_WARN_QUOTED_INCLUDE_IN_FRAMEWORK_HEADER = YES;
				CLANG_WARN_RANGE_LOOP_ANALYSIS = YES;
				CLANG_WARN_STRICT_PROTOTYPES = YES;
				CLANG_WARN_SUSPICIOUS_MOVE = YES;
				CLANG_WARN_UNGUARDED_AVAILABILITY = YES_AGGRESSIVE;
				CLANG_WARN_UNREACHABLE_CODE = YES;
				CLANG_WARN__DUPLICATE_METHOD_MATCH = YES;
				COPY_PHASE_STRIP = NO;
				DEBUG_INFORMATION_FORMAT = dwarf;
				ENABLE_STRICT_OBJC_MSGSEND = YES;
				ENABLE_TESTABILITY = YES;
				GCC_C_LANGUAGE_STANDARD = gnu11;
				GCC_DYNAMIC_NO_PIC = NO;
				GCC_NO_COMMON_BLOCKS = YES;
				GCC_OPTIMIZATION_LEVEL = 0;
				GCC_PREPROCESSOR_DEFINITIONS = (
					"DEBUG=1",
					"$(inherited)",
				);
				GCC_WARN_64_TO_32_BIT_CONVERSION = YES;
				GCC_WARN_ABOUT_RETURN_TYPE = YES_ERROR;
				GCC_WARN_UNDECLARED_SELECTOR = YES;
				GCC_WARN_UNINITIALIZED_AUTOS = YES_AGGRESSIVE;
				GCC_WARN_UNUSED_FUNCTION = YES;
				GCC_WARN_UNUSED_VARIABLE = YES;
				IPHONEOS_DEPLOYMENT_TARGET = 14.5;
				MTL_ENABLE_DEBUG_INFO = INCLUDE_SOURCE;
				MTL_FAST_MATH = YES;
				ONLY_ACTIVE_ARCH = YES;
				SDKROOT = iphoneos;
				SWIFT_ACTIVE_COMPILATION_CONDITIONS = DEBUG;
				SWIFT_OPTIMIZATION_LEVEL = "-Onone";
			};
			name = Debug;
		};
		EA0E050726D1DA1800DAFCB5 /* Release */ = {
			isa = XCBuildConfiguration;
			buildSettings = {
				ALWAYS_SEARCH_USER_PATHS = NO;
				CLANG_ANALYZER_NONNULL = YES;
				CLANG_ANALYZER_NUMBER_OBJECT_CONVERSION = YES_AGGRESSIVE;
				CLANG_CXX_LANGUAGE_STANDARD = "gnu++14";
				CLANG_CXX_LIBRARY = "libc++";
				CLANG_ENABLE_MODULES = YES;
				CLANG_ENABLE_OBJC_ARC = YES;
				CLANG_ENABLE_OBJC_WEAK = YES;
				CLANG_WARN_BLOCK_CAPTURE_AUTORELEASING = YES;
				CLANG_WARN_BOOL_CONVERSION = YES;
				CLANG_WARN_COMMA = YES;
				CLANG_WARN_CONSTANT_CONVERSION = YES;
				CLANG_WARN_DEPRECATED_OBJC_IMPLEMENTATIONS = YES;
				CLANG_WARN_DIRECT_OBJC_ISA_USAGE = YES_ERROR;
				CLANG_WARN_DOCUMENTATION_COMMENTS = YES;
				CLANG_WARN_EMPTY_BODY = YES;
				CLANG_WARN_ENUM_CONVERSION = YES;
				CLANG_WARN_INFINITE_RECURSION = YES;
				CLANG_WARN_INT_CONVERSION = YES;
				CLANG_WARN_NON_LITERAL_NULL_CONVERSION = YES;
				CLANG_WARN_OBJC_IMPLICIT_RETAIN_SELF = YES;
				CLANG_WARN_OBJC_LITERAL_CONVERSION = YES;
				CLANG_WARN_OBJC_ROOT_CLASS = YES_ERROR;
				CLANG_WARN_QUOTED_INCLUDE_IN_FRAMEWORK_HEADER = YES;
				CLANG_WARN_RANGE_LOOP_ANALYSIS = YES;
				CLANG_WARN_STRICT_PROTOTYPES = YES;
				CLANG_WARN_SUSPICIOUS_MOVE = YES;
				CLANG_WARN_UNGUARDED_AVAILABILITY = YES_AGGRESSIVE;
				CLANG_WARN_UNREACHABLE_CODE = YES;
				CLANG_WARN__DUPLICATE_METHOD_MATCH = YES;
				COPY_PHASE_STRIP = NO;
				DEBUG_INFORMATION_FORMAT = "dwarf-with-dsym";
				ENABLE_NS_ASSERTIONS = NO;
				ENABLE_STRICT_OBJC_MSGSEND = YES;
				GCC_C_LANGUAGE_STANDARD = gnu11;
				GCC_NO_COMMON_BLOCKS = YES;
				GCC_WARN_64_TO_32_BIT_CONVERSION = YES;
				GCC_WARN_ABOUT_RETURN_TYPE = YES_ERROR;
				GCC_WARN_UNDECLARED_SELECTOR = YES;
				GCC_WARN_UNINITIALIZED_AUTOS = YES_AGGRESSIVE;
				GCC_WARN_UNUSED_FUNCTION = YES;
				GCC_WARN_UNUSED_VARIABLE = YES;
				IPHONEOS_DEPLOYMENT_TARGET = 14.5;
				MTL_ENABLE_DEBUG_INFO = NO;
				MTL_FAST_MATH = YES;
				SDKROOT = iphoneos;
				SWIFT_COMPILATION_MODE = wholemodule;
				SWIFT_OPTIMIZATION_LEVEL = "-O";
				VALIDATE_PRODUCT = YES;
			};
			name = Release;
		};
		EA0E050926D1DA1800DAFCB5 /* Debug */ = {
			isa = XCBuildConfiguration;
			baseConfigurationReference = 7F1D26F205D67F7619DD458F /* Pods-Tools_UserRegistration.debug.xcconfig */;
			buildSettings = {
				ASSETCATALOG_COMPILER_APPICON_NAME = AppIcon;
				ASSETCATALOG_COMPILER_GLOBAL_ACCENT_COLOR_NAME = AccentColor;
				CODE_SIGN_ENTITLEMENTS = Tools_UserRegistration/Tools_UserRegistration.entitlements;
				CODE_SIGN_STYLE = Automatic;
				DEVELOPMENT_TEAM = LZ8V996BTJ;
				INFOPLIST_FILE = Tools_UserRegistration/Info.plist;
				LD_RUNPATH_SEARCH_PATHS = (
					"$(inherited)",
					"@executable_path/Frameworks",
				);
				PRODUCT_BUNDLE_IDENTIFIER = "com.5play-apps.Tools-UserRegistration";
				PRODUCT_NAME = "$(TARGET_NAME)";
				SWIFT_VERSION = 5.0;
				TARGETED_DEVICE_FAMILY = "1,2";
			};
			name = Debug;
		};
		EA0E050A26D1DA1800DAFCB5 /* Release */ = {
			isa = XCBuildConfiguration;
			baseConfigurationReference = 1A4E145C0E4B1DA1E62185C3 /* Pods-Tools_UserRegistration.release.xcconfig */;
			buildSettings = {
				ASSETCATALOG_COMPILER_APPICON_NAME = AppIcon;
				ASSETCATALOG_COMPILER_GLOBAL_ACCENT_COLOR_NAME = AccentColor;
				CODE_SIGN_ENTITLEMENTS = Tools_UserRegistration/Tools_UserRegistration.entitlements;
				CODE_SIGN_STYLE = Automatic;
				DEVELOPMENT_TEAM = LZ8V996BTJ;
				INFOPLIST_FILE = Tools_UserRegistration/Info.plist;
				LD_RUNPATH_SEARCH_PATHS = (
					"$(inherited)",
					"@executable_path/Frameworks",
				);
				PRODUCT_BUNDLE_IDENTIFIER = "com.5play-apps.Tools-UserRegistration";
				PRODUCT_NAME = "$(TARGET_NAME)";
				SWIFT_VERSION = 5.0;
				TARGETED_DEVICE_FAMILY = "1,2";
			};
			name = Release;
		};
/* End XCBuildConfiguration section */

/* Begin XCConfigurationList section */
		EA0E04EF26D1DA1600DAFCB5 /* Build configuration list for PBXProject "Tools_UserRegistration" */ = {
			isa = XCConfigurationList;
			buildConfigurations = (
				EA0E050626D1DA1800DAFCB5 /* Debug */,
				EA0E050726D1DA1800DAFCB5 /* Release */,
			);
			defaultConfigurationIsVisible = 0;
			defaultConfigurationName = Release;
		};
		EA0E050826D1DA1800DAFCB5 /* Build configuration list for PBXNativeTarget "Tools_UserRegistration" */ = {
			isa = XCConfigurationList;
			buildConfigurations = (
				EA0E050926D1DA1800DAFCB5 /* Debug */,
				EA0E050A26D1DA1800DAFCB5 /* Release */,
			);
			defaultConfigurationIsVisible = 0;
			defaultConfigurationName = Release;
		};
/* End XCConfigurationList section */
	};
	rootObject = EA0E04EC26D1DA1600DAFCB5 /* Project object */;
}
